// !$*UTF8*$!
{
	archiveVersion = 1;
	classes = {
	};
	objectVersion = 52;
	objects = {

/* Begin PBXBuildFile section */
		22964C242482A4530052301F /* Result.swift in Sources */ = {isa = PBXBuildFile; fileRef = 22964C232482A4530052301F /* Result.swift */; };
		3D910A1F246B856200B27D6D /* ArrayWork.swift in Sources */ = {isa = PBXBuildFile; fileRef = 3D910A1E246B856200B27D6D /* ArrayWork.swift */; };
		3D910A21246B85A100B27D6D /* workout.swift in Sources */ = {isa = PBXBuildFile; fileRef = 3D910A20246B85A100B27D6D /* workout.swift */; };
		75397687247D154400BA06D2 /* Intermediate.swift in Sources */ = {isa = PBXBuildFile; fileRef = 75397686247D154400BA06D2 /* Intermediate.swift */; };
		75397689247D156100BA06D2 /* Advanced.swift in Sources */ = {isa = PBXBuildFile; fileRef = 75397688247D156100BA06D2 /* Advanced.swift */; };
		7539768B247D1B7200BA06D2 /* Settings.swift in Sources */ = {isa = PBXBuildFile; fileRef = 7539768A247D1B7200BA06D2 /* Settings.swift */; };

		7576A609248508CA0027994B /* Rest.json in Resources */ = {isa = PBXBuildFile; fileRef = 7576A608248508CA0027994B /* Rest.json */; };
		7587129F2482DBE500D27FF9 /* Lottie in Frameworks */ = {isa = PBXBuildFile; productRef = 7587129E2482DBE500D27FF9 /* Lottie */; };
		758712AB2482DC7900D27FF9 /* Jumping Jack.json in Resources */ = {isa = PBXBuildFile; fileRef = 758712A12482DC7900D27FF9 /* Jumping Jack.json */; };
		758712AC2482DC7900D27FF9 /* Jump Squat.json in Resources */ = {isa = PBXBuildFile; fileRef = 758712A22482DC7900D27FF9 /* Jump Squat.json */; };
		758712AD2482DC7900D27FF9 /* Push Ups.json in Resources */ = {isa = PBXBuildFile; fileRef = 758712A32482DC7900D27FF9 /* Push Ups.json */; };
		758712AE2482DC7900D27FF9 /* Sumo Squat.json in Resources */ = {isa = PBXBuildFile; fileRef = 758712A42482DC7900D27FF9 /* Sumo Squat.json */; };
		758712AF2482DC7900D27FF9 /* Pike Push Ups.json in Resources */ = {isa = PBXBuildFile; fileRef = 758712A52482DC7900D27FF9 /* Pike Push Ups.json */; };
		758712B02482DC7900D27FF9 /* Air Swimming.json in Resources */ = {isa = PBXBuildFile; fileRef = 758712A62482DC7900D27FF9 /* Air Swimming.json */; };
		758712B12482DC7900D27FF9 /* Plank.json in Resources */ = {isa = PBXBuildFile; fileRef = 758712A72482DC7900D27FF9 /* Plank.json */; };
		758712B22482DC7900D27FF9 /* Shoulder Stretch.json in Resources */ = {isa = PBXBuildFile; fileRef = 758712A82482DC7900D27FF9 /* Shoulder Stretch.json */; };
		758712B32482DC7900D27FF9 /* Half Push Ups.json in Resources */ = {isa = PBXBuildFile; fileRef = 758712A92482DC7900D27FF9 /* Half Push Ups.json */; };
		758712B42482DC7900D27FF9 /* NeckMobility.json in Resources */ = {isa = PBXBuildFile; fileRef = 758712AA2482DC7900D27FF9 /* NeckMobility.json */; };

		910503B1248504F0001F2DE5 /* TableViewCell.swift in Sources */ = {isa = PBXBuildFile; fileRef = 910503B0248504F0001F2DE5 /* TableViewCell.swift */; };

		91D57C99246E9EA90047DF44 /* LevelScreen.swift in Sources */ = {isa = PBXBuildFile; fileRef = 91D57C98246E9EA90047DF44 /* LevelScreen.swift */; };
		91ECEAF22474D2DA007535AD /* Beginner.swift in Sources */ = {isa = PBXBuildFile; fileRef = 91ECEAF12474D2DA007535AD /* Beginner.swift */; };
		B66EF1D91EA9E6E300649824 /* CustomColors.swift in Sources */ = {isa = PBXBuildFile; fileRef = B66EF1D81EA9E6E300649824 /* CustomColors.swift */; };
		B66EF1DC1EA9E75C00649824 /* CountdownTimer.swift in Sources */ = {isa = PBXBuildFile; fileRef = B66EF1DB1EA9E75C00649824 /* CountdownTimer.swift */; };
		B66EF1DE1EA9E76500649824 /* ProgressBar.swift in Sources */ = {isa = PBXBuildFile; fileRef = B66EF1DD1EA9E76500649824 /* ProgressBar.swift */; };
		B6C7B6F91EA8DB9F008B31A6 /* AppDelegate.swift in Sources */ = {isa = PBXBuildFile; fileRef = B6C7B6F81EA8DB9F008B31A6 /* AppDelegate.swift */; };
		B6C7B6FB1EA8DB9F008B31A6 /* ViewController.swift in Sources */ = {isa = PBXBuildFile; fileRef = B6C7B6FA1EA8DB9F008B31A6 /* ViewController.swift */; };
		B6C7B6FE1EA8DB9F008B31A6 /* Main.storyboard in Resources */ = {isa = PBXBuildFile; fileRef = B6C7B6FC1EA8DB9F008B31A6 /* Main.storyboard */; };
		B6C7B7001EA8DB9F008B31A6 /* Assets.xcassets in Resources */ = {isa = PBXBuildFile; fileRef = B6C7B6FF1EA8DB9F008B31A6 /* Assets.xcassets */; };
		B6C7B7031EA8DB9F008B31A6 /* LaunchScreen.storyboard in Resources */ = {isa = PBXBuildFile; fileRef = B6C7B7011EA8DB9F008B31A6 /* LaunchScreen.storyboard */; };
/* End PBXBuildFile section */

/* Begin PBXFileReference section */
		22964C232482A4530052301F /* Result.swift */ = {isa = PBXFileReference; lastKnownFileType = sourcecode.swift; path = Result.swift; sourceTree = "<group>"; };
		3D910A1E246B856200B27D6D /* ArrayWork.swift */ = {isa = PBXFileReference; lastKnownFileType = sourcecode.swift; path = ArrayWork.swift; sourceTree = "<group>"; };
		3D910A20246B85A100B27D6D /* workout.swift */ = {isa = PBXFileReference; lastKnownFileType = sourcecode.swift; path = workout.swift; sourceTree = "<group>"; };
		75397686247D154400BA06D2 /* Intermediate.swift */ = {isa = PBXFileReference; lastKnownFileType = sourcecode.swift; path = Intermediate.swift; sourceTree = "<group>"; };
		75397688247D156100BA06D2 /* Advanced.swift */ = {isa = PBXFileReference; lastKnownFileType = sourcecode.swift; path = Advanced.swift; sourceTree = "<group>"; };
		7539768A247D1B7200BA06D2 /* Settings.swift */ = {isa = PBXFileReference; lastKnownFileType = sourcecode.swift; path = Settings.swift; sourceTree = "<group>"; };
		7576A608248508CA0027994B /* Rest.json */ = {isa = PBXFileReference; fileEncoding = 4; lastKnownFileType = text.json; path = Rest.json; sourceTree = "<group>"; };
		758712A12482DC7900D27FF9 /* Jumping Jack.json */ = {isa = PBXFileReference; fileEncoding = 4; lastKnownFileType = text.json; path = "Jumping Jack.json"; sourceTree = "<group>"; };
		758712A22482DC7900D27FF9 /* Jump Squat.json */ = {isa = PBXFileReference; fileEncoding = 4; lastKnownFileType = text.json; path = "Jump Squat.json"; sourceTree = "<group>"; };
		758712A32482DC7900D27FF9 /* Push Ups.json */ = {isa = PBXFileReference; fileEncoding = 4; lastKnownFileType = text.json; path = "Push Ups.json"; sourceTree = "<group>"; };
		758712A42482DC7900D27FF9 /* Sumo Squat.json */ = {isa = PBXFileReference; fileEncoding = 4; lastKnownFileType = text.json; path = "Sumo Squat.json"; sourceTree = "<group>"; };
		758712A52482DC7900D27FF9 /* Pike Push Ups.json */ = {isa = PBXFileReference; fileEncoding = 4; lastKnownFileType = text.json; path = "Pike Push Ups.json"; sourceTree = "<group>"; };
		758712A62482DC7900D27FF9 /* Air Swimming.json */ = {isa = PBXFileReference; fileEncoding = 4; lastKnownFileType = text.json; path = "Air Swimming.json"; sourceTree = "<group>"; };
		758712A72482DC7900D27FF9 /* Plank.json */ = {isa = PBXFileReference; fileEncoding = 4; lastKnownFileType = text.json; path = Plank.json; sourceTree = "<group>"; };
		758712A82482DC7900D27FF9 /* Shoulder Stretch.json */ = {isa = PBXFileReference; fileEncoding = 4; lastKnownFileType = text.json; path = "Shoulder Stretch.json"; sourceTree = "<group>"; };
		758712A92482DC7900D27FF9 /* Half Push Ups.json */ = {isa = PBXFileReference; fileEncoding = 4; lastKnownFileType = text.json; path = "Half Push Ups.json"; sourceTree = "<group>"; };
		758712AA2482DC7900D27FF9 /* NeckMobility.json */ = {isa = PBXFileReference; fileEncoding = 4; lastKnownFileType = text.json; path = NeckMobility.json; sourceTree = "<group>"; };
		75AA709624705B1900AD09B0 /* Speech.playground */ = {isa = PBXFileReference; lastKnownFileType = file.playground; name = Speech.playground; path = ../../HiFit/HiFit/Speech.playground; sourceTree = "<group>"; xcLanguageSpecificationIdentifier = xcode.lang.swift; };
		910503B0248504F0001F2DE5 /* TableViewCell.swift */ = {isa = PBXFileReference; lastKnownFileType = sourcecode.swift; path = TableViewCell.swift; sourceTree = "<group>"; };
		91D57C98246E9EA90047DF44 /* LevelScreen.swift */ = {isa = PBXFileReference; lastKnownFileType = sourcecode.swift; path = LevelScreen.swift; sourceTree = "<group>"; };
		91ECEAF12474D2DA007535AD /* Beginner.swift */ = {isa = PBXFileReference; lastKnownFileType = sourcecode.swift; path = Beginner.swift; sourceTree = "<group>"; };
		B66EF1D81EA9E6E300649824 /* CustomColors.swift */ = {isa = PBXFileReference; fileEncoding = 4; lastKnownFileType = sourcecode.swift; path = CustomColors.swift; sourceTree = "<group>"; };
		B66EF1DB1EA9E75C00649824 /* CountdownTimer.swift */ = {isa = PBXFileReference; fileEncoding = 4; lastKnownFileType = sourcecode.swift; path = CountdownTimer.swift; sourceTree = "<group>"; };
		B66EF1DD1EA9E76500649824 /* ProgressBar.swift */ = {isa = PBXFileReference; fileEncoding = 4; lastKnownFileType = sourcecode.swift; path = ProgressBar.swift; sourceTree = "<group>"; };
		B6C7B6F51EA8DB9F008B31A6 /* HiFit.app */ = {isa = PBXFileReference; explicitFileType = wrapper.application; includeInIndex = 0; path = HiFit.app; sourceTree = BUILT_PRODUCTS_DIR; };
		B6C7B6F81EA8DB9F008B31A6 /* AppDelegate.swift */ = {isa = PBXFileReference; lastKnownFileType = sourcecode.swift; path = AppDelegate.swift; sourceTree = "<group>"; };
		B6C7B6FA1EA8DB9F008B31A6 /* ViewController.swift */ = {isa = PBXFileReference; lastKnownFileType = sourcecode.swift; path = ViewController.swift; sourceTree = "<group>"; };
		B6C7B6FD1EA8DB9F008B31A6 /* Base */ = {isa = PBXFileReference; lastKnownFileType = file.storyboard; name = Base; path = Base.lproj/Main.storyboard; sourceTree = "<group>"; };
		B6C7B6FF1EA8DB9F008B31A6 /* Assets.xcassets */ = {isa = PBXFileReference; lastKnownFileType = folder.assetcatalog; path = Assets.xcassets; sourceTree = "<group>"; };
		B6C7B7021EA8DB9F008B31A6 /* Base */ = {isa = PBXFileReference; lastKnownFileType = file.storyboard; name = Base; path = Base.lproj/LaunchScreen.storyboard; sourceTree = "<group>"; };
		B6C7B7041EA8DB9F008B31A6 /* Info.plist */ = {isa = PBXFileReference; lastKnownFileType = text.plist.xml; path = Info.plist; sourceTree = "<group>"; };
/* End PBXFileReference section */

/* Begin PBXFrameworksBuildPhase section */
		B6C7B6F21EA8DB9F008B31A6 /* Frameworks */ = {
			isa = PBXFrameworksBuildPhase;
			buildActionMask = 2147483647;
			files = (
				7587129F2482DBE500D27FF9 /* Lottie in Frameworks */,
			);
			runOnlyForDeploymentPostprocessing = 0;
		};
/* End PBXFrameworksBuildPhase section */

/* Begin PBXGroup section */
		3D910A1D246B854500B27D6D /* ArrayWorkout */ = {
			isa = PBXGroup;
			children = (
				3D910A1E246B856200B27D6D /* ArrayWork.swift */,
				3D910A20246B85A100B27D6D /* workout.swift */,
			);
			name = ArrayWorkout;
			sourceTree = "<group>";
		};
		758712A02482DC5600D27FF9 /* Exercise Animations */ = {
			isa = PBXGroup;
			children = (
				7576A608248508CA0027994B /* Rest.json */,
				758712A62482DC7900D27FF9 /* Air Swimming.json */,
				758712A92482DC7900D27FF9 /* Half Push Ups.json */,
				758712A22482DC7900D27FF9 /* Jump Squat.json */,
				758712A12482DC7900D27FF9 /* Jumping Jack.json */,
				758712AA2482DC7900D27FF9 /* NeckMobility.json */,
				758712A52482DC7900D27FF9 /* Pike Push Ups.json */,
				758712A72482DC7900D27FF9 /* Plank.json */,
				758712A32482DC7900D27FF9 /* Push Ups.json */,
				758712A82482DC7900D27FF9 /* Shoulder Stretch.json */,
				758712A42482DC7900D27FF9 /* Sumo Squat.json */,
			);
			name = "Exercise Animations";
			sourceTree = "<group>";
		};
		B66EF1D31EA9E54700649824 /* Supporting files */ = {
			isa = PBXGroup;
			children = (
				758712A02482DC5600D27FF9 /* Exercise Animations */,
				B6C7B6F81EA8DB9F008B31A6 /* AppDelegate.swift */,
				B6C7B6FF1EA8DB9F008B31A6 /* Assets.xcassets */,
				B6C7B7041EA8DB9F008B31A6 /* Info.plist */,
			);
			name = "Supporting files";
			sourceTree = "<group>";
		};
		B66EF1D41EA9E56B00649824 /* View */ = {
			isa = PBXGroup;
			children = (
				B6C7B6FC1EA8DB9F008B31A6 /* Main.storyboard */,
				B6C7B7011EA8DB9F008B31A6 /* LaunchScreen.storyboard */,
			);
			name = View;
			sourceTree = "<group>";
		};
		B66EF1D51EA9E57500649824 /* Controller */ = {
			isa = PBXGroup;
			children = (
				B6C7B6FA1EA8DB9F008B31A6 /* ViewController.swift */,
				91D57C98246E9EA90047DF44 /* LevelScreen.swift */,
				91ECEAF12474D2DA007535AD /* Beginner.swift */,
				75397686247D154400BA06D2 /* Intermediate.swift */,
				75397688247D156100BA06D2 /* Advanced.swift */,
				7539768A247D1B7200BA06D2 /* Settings.swift */,
				22964C232482A4530052301F /* Result.swift */,
			);
			name = Controller;
			sourceTree = "<group>";
		};
		B66EF1D61EA9E59300649824 /* Countdown */ = {
			isa = PBXGroup;
			children = (
				75AA709624705B1900AD09B0 /* Speech.playground */,
				B66EF1DB1EA9E75C00649824 /* CountdownTimer.swift */,
			);
			name = Countdown;
			sourceTree = "<group>";
		};
		B66EF1D71EA9E5A400649824 /* Progress */ = {
			isa = PBXGroup;
			children = (
				B66EF1DD1EA9E76500649824 /* ProgressBar.swift */,
			);
			name = Progress;
			sourceTree = "<group>";
		};
		B66EF1DA1EA9E6FE00649824 /* Utils */ = {
			isa = PBXGroup;
			children = (
				B66EF1D81EA9E6E300649824 /* CustomColors.swift */,
			);
			name = Utils;
			sourceTree = "<group>";
		};
		B6C7B6EC1EA8DB9F008B31A6 = {
			isa = PBXGroup;
			children = (
				B6C7B6F71EA8DB9F008B31A6 /* HiFit */,
				B6C7B6F61EA8DB9F008B31A6 /* Products */,
			);
			sourceTree = "<group>";
		};
		B6C7B6F61EA8DB9F008B31A6 /* Products */ = {
			isa = PBXGroup;
			children = (
				B6C7B6F51EA8DB9F008B31A6 /* HiFit.app */,
			);
			name = Products;
			sourceTree = "<group>";
		};
		B6C7B6F71EA8DB9F008B31A6 /* HiFit */ = {
			isa = PBXGroup;
			children = (
				3D910A1D246B854500B27D6D /* ArrayWorkout */,
				B66EF1D71EA9E5A400649824 /* Progress */,
				B66EF1D61EA9E59300649824 /* Countdown */,
				B66EF1D41EA9E56B00649824 /* View */,
				B66EF1D51EA9E57500649824 /* Controller */,
				B66EF1DA1EA9E6FE00649824 /* Utils */,
				B66EF1D31EA9E54700649824 /* Supporting files */,
				910503B0248504F0001F2DE5 /* TableViewCell.swift */,
			);
			path = HiFit;
			sourceTree = "<group>";
		};
/* End PBXGroup section */

/* Begin PBXNativeTarget section */
		B6C7B6F41EA8DB9F008B31A6 /* HiFit */ = {
			isa = PBXNativeTarget;
			buildConfigurationList = B6C7B7071EA8DB9F008B31A6 /* Build configuration list for PBXNativeTarget "HiFit" */;
			buildPhases = (
				B6C7B6F11EA8DB9F008B31A6 /* Sources */,
				B6C7B6F21EA8DB9F008B31A6 /* Frameworks */,
				B6C7B6F31EA8DB9F008B31A6 /* Resources */,
			);
			buildRules = (
			);
			dependencies = (
			);
			name = HiFit;
			packageProductDependencies = (
				7587129E2482DBE500D27FF9 /* Lottie */,
			);
			productName = CountdownTimer;
			productReference = B6C7B6F51EA8DB9F008B31A6 /* HiFit.app */;
			productType = "com.apple.product-type.application";
		};
/* End PBXNativeTarget section */

/* Begin PBXProject section */
		B6C7B6ED1EA8DB9F008B31A6 /* Project object */ = {
			isa = PBXProject;
			attributes = {
				LastSwiftUpdateCheck = 0830;
				LastUpgradeCheck = 1140;
				ORGANIZATIONNAME = AbdulRazak;
				TargetAttributes = {
					B6C7B6F41EA8DB9F008B31A6 = {
						CreatedOnToolsVersion = 8.3.1;
						LastSwiftMigration = 1140;
						ProvisioningStyle = Automatic;
					};
				};
			};
			buildConfigurationList = B6C7B6F01EA8DB9F008B31A6 /* Build configuration list for PBXProject "HiFit" */;
			compatibilityVersion = "Xcode 3.2";
			developmentRegion = en;
			hasScannedForEncodings = 0;
			knownRegions = (
				en,
				Base,
			);
			mainGroup = B6C7B6EC1EA8DB9F008B31A6;
			packageReferences = (
				7587129D2482DBE500D27FF9 /* XCRemoteSwiftPackageReference "lottie-ios" */,
			);
			productRefGroup = B6C7B6F61EA8DB9F008B31A6 /* Products */;
			projectDirPath = "";
			projectRoot = "";
			targets = (
				B6C7B6F41EA8DB9F008B31A6 /* HiFit */,
			);
		};
/* End PBXProject section */

/* Begin PBXResourcesBuildPhase section */
		B6C7B6F31EA8DB9F008B31A6 /* Resources */ = {
			isa = PBXResourcesBuildPhase;
			buildActionMask = 2147483647;
			files = (
				758712B42482DC7900D27FF9 /* NeckMobility.json in Resources */,
				758712AB2482DC7900D27FF9 /* Jumping Jack.json in Resources */,
				758712B22482DC7900D27FF9 /* Shoulder Stretch.json in Resources */,
				758712B02482DC7900D27FF9 /* Air Swimming.json in Resources */,
				B6C7B7031EA8DB9F008B31A6 /* LaunchScreen.storyboard in Resources */,
				758712AE2482DC7900D27FF9 /* Sumo Squat.json in Resources */,
				758712B32482DC7900D27FF9 /* Half Push Ups.json in Resources */,
				758712B12482DC7900D27FF9 /* Plank.json in Resources */,
				758712AF2482DC7900D27FF9 /* Pike Push Ups.json in Resources */,
				7576A609248508CA0027994B /* Rest.json in Resources */,
				758712AC2482DC7900D27FF9 /* Jump Squat.json in Resources */,
				B6C7B7001EA8DB9F008B31A6 /* Assets.xcassets in Resources */,
				B6C7B6FE1EA8DB9F008B31A6 /* Main.storyboard in Resources */,
				758712AD2482DC7900D27FF9 /* Push Ups.json in Resources */,
			);
			runOnlyForDeploymentPostprocessing = 0;
		};
/* End PBXResourcesBuildPhase section */

/* Begin PBXSourcesBuildPhase section */
		B6C7B6F11EA8DB9F008B31A6 /* Sources */ = {
			isa = PBXSourcesBuildPhase;
			buildActionMask = 2147483647;
			files = (
				75397687247D154400BA06D2 /* Intermediate.swift in Sources */,
				22964C242482A4530052301F /* Result.swift in Sources */,
				91ECEAF22474D2DA007535AD /* Beginner.swift in Sources */,
				B6C7B6FB1EA8DB9F008B31A6 /* ViewController.swift in Sources */,
				3D910A21246B85A100B27D6D /* workout.swift in Sources */,
				910503B1248504F0001F2DE5 /* TableViewCell.swift in Sources */,
				B66EF1DC1EA9E75C00649824 /* CountdownTimer.swift in Sources */,
				3D910A1F246B856200B27D6D /* ArrayWork.swift in Sources */,
				7539768B247D1B7200BA06D2 /* Settings.swift in Sources */,
				91D57C99246E9EA90047DF44 /* LevelScreen.swift in Sources */,
				B66EF1DE1EA9E76500649824 /* ProgressBar.swift in Sources */,
				75397689247D156100BA06D2 /* Advanced.swift in Sources */,
				B66EF1D91EA9E6E300649824 /* CustomColors.swift in Sources */,
				B6C7B6F91EA8DB9F008B31A6 /* AppDelegate.swift in Sources */,
			);
			runOnlyForDeploymentPostprocessing = 0;
		};
/* End PBXSourcesBuildPhase section */

/* Begin PBXVariantGroup section */
		B6C7B6FC1EA8DB9F008B31A6 /* Main.storyboard */ = {
			isa = PBXVariantGroup;
			children = (
				B6C7B6FD1EA8DB9F008B31A6 /* Base */,
			);
			name = Main.storyboard;
			sourceTree = "<group>";
		};
		B6C7B7011EA8DB9F008B31A6 /* LaunchScreen.storyboard */ = {
			isa = PBXVariantGroup;
			children = (
				B6C7B7021EA8DB9F008B31A6 /* Base */,
			);
			name = LaunchScreen.storyboard;
			sourceTree = "<group>";
		};
/* End PBXVariantGroup section */

/* Begin XCBuildConfiguration section */
		B6C7B7051EA8DB9F008B31A6 /* Debug */ = {
			isa = XCBuildConfiguration;
			buildSettings = {
				ALWAYS_SEARCH_USER_PATHS = NO;
				CLANG_ANALYZER_LOCALIZABILITY_NONLOCALIZED = YES;
				CLANG_ANALYZER_NONNULL = YES;
				CLANG_ANALYZER_NUMBER_OBJECT_CONVERSION = YES_AGGRESSIVE;
				CLANG_CXX_LANGUAGE_STANDARD = "gnu++0x";
				CLANG_CXX_LIBRARY = "libc++";
				CLANG_ENABLE_MODULES = YES;
				CLANG_ENABLE_OBJC_ARC = YES;
				CLANG_WARN_BLOCK_CAPTURE_AUTORELEASING = YES;
				CLANG_WARN_BOOL_CONVERSION = YES;
				CLANG_WARN_COMMA = YES;
				CLANG_WARN_CONSTANT_CONVERSION = YES;
				CLANG_WARN_DEPRECATED_OBJC_IMPLEMENTATIONS = YES;
				CLANG_WARN_DIRECT_OBJC_ISA_USAGE = YES_ERROR;
				CLANG_WARN_DOCUMENTATION_COMMENTS = YES;
				CLANG_WARN_EMPTY_BODY = YES;
				CLANG_WARN_ENUM_CONVERSION = YES;
				CLANG_WARN_INFINITE_RECURSION = YES;
				CLANG_WARN_INT_CONVERSION = YES;
				CLANG_WARN_NON_LITERAL_NULL_CONVERSION = YES;
				CLANG_WARN_OBJC_IMPLICIT_RETAIN_SELF = YES;
				CLANG_WARN_OBJC_LITERAL_CONVERSION = YES;
				CLANG_WARN_OBJC_ROOT_CLASS = YES_ERROR;
				CLANG_WARN_RANGE_LOOP_ANALYSIS = YES;
				CLANG_WARN_STRICT_PROTOTYPES = YES;
				CLANG_WARN_SUSPICIOUS_MOVE = YES;
				CLANG_WARN_UNREACHABLE_CODE = YES;
				CLANG_WARN__DUPLICATE_METHOD_MATCH = YES;
				"CODE_SIGN_IDENTITY[sdk=iphoneos*]" = "iPhone Developer";
				COPY_PHASE_STRIP = NO;
				DEAD_CODE_STRIPPING = YES;
				DEBUG_INFORMATION_FORMAT = dwarf;
				ENABLE_STRICT_OBJC_MSGSEND = YES;
				ENABLE_TESTABILITY = YES;
				GCC_C_LANGUAGE_STANDARD = gnu99;
				GCC_DYNAMIC_NO_PIC = NO;
				GCC_NO_COMMON_BLOCKS = YES;
				GCC_OPTIMIZATION_LEVEL = 0;
				GCC_PREPROCESSOR_DEFINITIONS = (
					"DEBUG=1",
					"$(inherited)",
				);
				GCC_WARN_64_TO_32_BIT_CONVERSION = YES;
				GCC_WARN_ABOUT_RETURN_TYPE = YES_ERROR;
				GCC_WARN_UNDECLARED_SELECTOR = YES;
				GCC_WARN_UNINITIALIZED_AUTOS = YES_AGGRESSIVE;
				GCC_WARN_UNUSED_FUNCTION = YES;
				GCC_WARN_UNUSED_VARIABLE = YES;
				IPHONEOS_DEPLOYMENT_TARGET = 10.3;
				MTL_ENABLE_DEBUG_INFO = YES;
				ONLY_ACTIVE_ARCH = YES;
				SDKROOT = iphoneos;
				SWIFT_ACTIVE_COMPILATION_CONDITIONS = DEBUG;
				SWIFT_OPTIMIZATION_LEVEL = "-Onone";
			};
			name = Debug;
		};
		B6C7B7061EA8DB9F008B31A6 /* Release */ = {
			isa = XCBuildConfiguration;
			buildSettings = {
				ALWAYS_SEARCH_USER_PATHS = NO;
				CLANG_ANALYZER_LOCALIZABILITY_NONLOCALIZED = YES;
				CLANG_ANALYZER_NONNULL = YES;
				CLANG_ANALYZER_NUMBER_OBJECT_CONVERSION = YES_AGGRESSIVE;
				CLANG_CXX_LANGUAGE_STANDARD = "gnu++0x";
				CLANG_CXX_LIBRARY = "libc++";
				CLANG_ENABLE_MODULES = YES;
				CLANG_ENABLE_OBJC_ARC = YES;
				CLANG_WARN_BLOCK_CAPTURE_AUTORELEASING = YES;
				CLANG_WARN_BOOL_CONVERSION = YES;
				CLANG_WARN_COMMA = YES;
				CLANG_WARN_CONSTANT_CONVERSION = YES;
				CLANG_WARN_DEPRECATED_OBJC_IMPLEMENTATIONS = YES;
				CLANG_WARN_DIRECT_OBJC_ISA_USAGE = YES_ERROR;
				CLANG_WARN_DOCUMENTATION_COMMENTS = YES;
				CLANG_WARN_EMPTY_BODY = YES;
				CLANG_WARN_ENUM_CONVERSION = YES;
				CLANG_WARN_INFINITE_RECURSION = YES;
				CLANG_WARN_INT_CONVERSION = YES;
				CLANG_WARN_NON_LITERAL_NULL_CONVERSION = YES;
				CLANG_WARN_OBJC_IMPLICIT_RETAIN_SELF = YES;
				CLANG_WARN_OBJC_LITERAL_CONVERSION = YES;
				CLANG_WARN_OBJC_ROOT_CLASS = YES_ERROR;
				CLANG_WARN_RANGE_LOOP_ANALYSIS = YES;
				CLANG_WARN_STRICT_PROTOTYPES = YES;
				CLANG_WARN_SUSPICIOUS_MOVE = YES;
				CLANG_WARN_UNREACHABLE_CODE = YES;
				CLANG_WARN__DUPLICATE_METHOD_MATCH = YES;
				"CODE_SIGN_IDENTITY[sdk=iphoneos*]" = "iPhone Developer";
				COPY_PHASE_STRIP = NO;
				DEAD_CODE_STRIPPING = YES;
				DEBUG_INFORMATION_FORMAT = "dwarf-with-dsym";
				ENABLE_NS_ASSERTIONS = NO;
				ENABLE_STRICT_OBJC_MSGSEND = YES;
				GCC_C_LANGUAGE_STANDARD = gnu99;
				GCC_NO_COMMON_BLOCKS = YES;
				GCC_WARN_64_TO_32_BIT_CONVERSION = YES;
				GCC_WARN_ABOUT_RETURN_TYPE = YES_ERROR;
				GCC_WARN_UNDECLARED_SELECTOR = YES;
				GCC_WARN_UNINITIALIZED_AUTOS = YES_AGGRESSIVE;
				GCC_WARN_UNUSED_FUNCTION = YES;
				GCC_WARN_UNUSED_VARIABLE = YES;
				IPHONEOS_DEPLOYMENT_TARGET = 10.3;
				MTL_ENABLE_DEBUG_INFO = NO;
				SDKROOT = iphoneos;
				SWIFT_COMPILATION_MODE = wholemodule;
				SWIFT_OPTIMIZATION_LEVEL = "-O";
				VALIDATE_PRODUCT = YES;
			};
			name = Release;
		};
		B6C7B7081EA8DB9F008B31A6 /* Debug */ = {
			isa = XCBuildConfiguration;
			buildSettings = {
				ASSETCATALOG_COMPILER_APPICON_NAME = AppIcon;
				DEVELOPMENT_TEAM = H7722R6MM3;
				INFOPLIST_FILE = HiFit/Info.plist;
				IPHONEOS_DEPLOYMENT_TARGET = 13.0;
				LD_RUNPATH_SEARCH_PATHS = (
					"$(inherited)",
					"@executable_path/Frameworks",
				);
				PRODUCT_BUNDLE_IDENTIFIER = com.enterthesource.HiFit;
				PRODUCT_NAME = "$(TARGET_NAME)";
				SWIFT_VERSION = 5.0;
			};
			name = Debug;
		};
		B6C7B7091EA8DB9F008B31A6 /* Release */ = {
			isa = XCBuildConfiguration;
			buildSettings = {
				ASSETCATALOG_COMPILER_APPICON_NAME = AppIcon;
				DEVELOPMENT_TEAM = H7722R6MM3;
				INFOPLIST_FILE = HiFit/Info.plist;
				IPHONEOS_DEPLOYMENT_TARGET = 13.0;
				LD_RUNPATH_SEARCH_PATHS = (
					"$(inherited)",
					"@executable_path/Frameworks",
				);
				PRODUCT_BUNDLE_IDENTIFIER = com.enterthesource.HiFit;
				PRODUCT_NAME = "$(TARGET_NAME)";
				SWIFT_VERSION = 5.0;
			};
			name = Release;
		};
/* End XCBuildConfiguration section */

/* Begin XCConfigurationList section */
		B6C7B6F01EA8DB9F008B31A6 /* Build configuration list for PBXProject "HiFit" */ = {
			isa = XCConfigurationList;
			buildConfigurations = (
				B6C7B7051EA8DB9F008B31A6 /* Debug */,
				B6C7B7061EA8DB9F008B31A6 /* Release */,
			);
			defaultConfigurationIsVisible = 0;
			defaultConfigurationName = Release;
		};
		B6C7B7071EA8DB9F008B31A6 /* Build configuration list for PBXNativeTarget "HiFit" */ = {
			isa = XCConfigurationList;
			buildConfigurations = (
				B6C7B7081EA8DB9F008B31A6 /* Debug */,
				B6C7B7091EA8DB9F008B31A6 /* Release */,
			);
			defaultConfigurationIsVisible = 0;
			defaultConfigurationName = Release;
		};
/* End XCConfigurationList section */

/* Begin XCRemoteSwiftPackageReference section */
		7587129D2482DBE500D27FF9 /* XCRemoteSwiftPackageReference "lottie-ios" */ = {
			isa = XCRemoteSwiftPackageReference;
			repositoryURL = "https://github.com/airbnb/lottie-ios";
			requirement = {
				kind = upToNextMajorVersion;
				minimumVersion = 3.1.8;
			};
		};
/* End XCRemoteSwiftPackageReference section */

/* Begin XCSwiftPackageProductDependency section */
		7587129E2482DBE500D27FF9 /* Lottie */ = {
			isa = XCSwiftPackageProductDependency;
			package = 7587129D2482DBE500D27FF9 /* XCRemoteSwiftPackageReference "lottie-ios" */;
			productName = Lottie;
		};
/* End XCSwiftPackageProductDependency section */
	};
	rootObject = B6C7B6ED1EA8DB9F008B31A6 /* Project object */;
}
